// !$*UTF8*$!
{
	archiveVersion = 1;
	classes = {
	};
	objectVersion = 50;
	objects = {

/* Begin PBXBuildFile section */
		A75216DE2747BD5900A3142B /* AlbumViewModel.swift in Sources */ = {isa = PBXBuildFile; fileRef = A75216DD2747BD5900A3142B /* AlbumViewModel.swift */; };
		A75216EF2747CB0C00A3142B /* Blur.swift in Sources */ = {isa = PBXBuildFile; fileRef = A75216EE2747CB0C00A3142B /* Blur.swift */; };
		A7D3D28C2744FBFE00BF88DE /* IOSspotifyAneApp.swift in Sources */ = {isa = PBXBuildFile; fileRef = A7D3D28B2744FBFE00BF88DE /* IOSspotifyAneApp.swift */; };
		A7D3D28E2744FBFE00BF88DE /* ContentView.swift in Sources */ = {isa = PBXBuildFile; fileRef = A7D3D28D2744FBFE00BF88DE /* ContentView.swift */; };
		A7D3D2902744FC0000BF88DE /* Assets.xcassets in Resources */ = {isa = PBXBuildFile; fileRef = A7D3D28F2744FC0000BF88DE /* Assets.xcassets */; };
		A7D3D2932744FC0000BF88DE /* Preview Assets.xcassets in Resources */ = {isa = PBXBuildFile; fileRef = A7D3D2922744FC0000BF88DE /* Preview Assets.xcassets */; };
		A7D3D29E2744FC0100BF88DE /* IOSspotifyAneTests.swift in Sources */ = {isa = PBXBuildFile; fileRef = A7D3D29D2744FC0100BF88DE /* IOSspotifyAneTests.swift */; };
		A7D3D2A92744FC0100BF88DE /* IOSspotifyAneUITests.swift in Sources */ = {isa = PBXBuildFile; fileRef = A7D3D2A82744FC0100BF88DE /* IOSspotifyAneUITests.swift */; };
		A7D3D2BB2744FC3000BF88DE /* LogInView.swift in Sources */ = {isa = PBXBuildFile; fileRef = A7D3D2BA2744FC3000BF88DE /* LogInView.swift */; };
		A7D3D30A274504D700BF88DE /* SQLite.framework in Frameworks */ = {isa = PBXBuildFile; fileRef = A7D3D2F2274504CB00BF88DE /* SQLite.framework */; };
		A7D3D30B274504D700BF88DE /* SQLite.framework in Embed Frameworks */ = {isa = PBXBuildFile; fileRef = A7D3D2F2274504CB00BF88DE /* SQLite.framework */; settings = {ATTRIBUTES = (CodeSignOnCopy, RemoveHeadersOnCopy, ); }; };
		A7D3D3172745055700BF88DE /* User.swift in Sources */ = {isa = PBXBuildFile; fileRef = A7D3D3162745055700BF88DE /* User.swift */; };
		A7D3D329274506D200BF88DE /* DB_manager.swift in Sources */ = {isa = PBXBuildFile; fileRef = A7D3D328274506D200BF88DE /* DB_manager.swift */; };
		A7D3D330274514C200BF88DE /* UserViewModel.swift in Sources */ = {isa = PBXBuildFile; fileRef = A7D3D32F274514C200BF88DE /* UserViewModel.swift */; };
		A7D3D3382745193200BF88DE /* my_users.sqlite3 in Resources */ = {isa = PBXBuildFile; fileRef = A7D3D3372745193200BF88DE /* my_users.sqlite3 */; };
		A7D3D33C2745198A00BF88DE /* LogInSigInView.swift in Sources */ = {isa = PBXBuildFile; fileRef = A7D3D33B2745198A00BF88DE /* LogInSigInView.swift */; };
		A7D3D34027451BF700BF88DE /* SignInView.swift in Sources */ = {isa = PBXBuildFile; fileRef = A7D3D33F27451BF700BF88DE /* SignInView.swift */; };
		A7D3D3452745461A00BF88DE /* song1.mp3 in Resources */ = {isa = PBXBuildFile; fileRef = A7D3D3442745461A00BF88DE /* song1.mp3 */; };
		A7D3D34F2745464500BF88DE /* song2.mp3 in Resources */ = {isa = PBXBuildFile; fileRef = A7D3D34E2745464500BF88DE /* song2.mp3 */; };
		A7D3D3532745481900BF88DE /* PlayingView.swift in Sources */ = {isa = PBXBuildFile; fileRef = A7D3D3522745481900BF88DE /* PlayingView.swift */; };
		A7D3D3582745509400BF88DE /* Song.swift in Sources */ = {isa = PBXBuildFile; fileRef = A7D3D3572745509400BF88DE /* Song.swift */; };
		A7D3D363274550E300BF88DE /* Album.swift in Sources */ = {isa = PBXBuildFile; fileRef = A7D3D362274550E300BF88DE /* Album.swift */; };
		A7D3D367274552DA00BF88DE /* MenuView.swift in Sources */ = {isa = PBXBuildFile; fileRef = A7D3D366274552DA00BF88DE /* MenuView.swift */; };
/* End PBXBuildFile section */

/* Begin PBXContainerItemProxy section */
		A7D3D29A2744FC0000BF88DE /* PBXContainerItemProxy */ = {
			isa = PBXContainerItemProxy;
			containerPortal = A7D3D2802744FBFE00BF88DE /* Project object */;
			proxyType = 1;
			remoteGlobalIDString = A7D3D2872744FBFE00BF88DE;
			remoteInfo = IOSspotifyAne;
		};
		A7D3D2A52744FC0100BF88DE /* PBXContainerItemProxy */ = {
			isa = PBXContainerItemProxy;
			containerPortal = A7D3D2802744FBFE00BF88DE /* Project object */;
			proxyType = 1;
			remoteGlobalIDString = A7D3D2872744FBFE00BF88DE;
			remoteInfo = IOSspotifyAne;
		};
		A7D3D2F1274504CB00BF88DE /* PBXContainerItemProxy */ = {
			isa = PBXContainerItemProxy;
			containerPortal = A7D3D2E7274504CB00BF88DE /* SQLite.xcodeproj */;
			proxyType = 2;
			remoteGlobalIDString = EE247AD31C3F04ED00AE3E12;
			remoteInfo = "SQLite iOS";
		};
		A7D3D2F3274504CB00BF88DE /* PBXContainerItemProxy */ = {
			isa = PBXContainerItemProxy;
			containerPortal = A7D3D2E7274504CB00BF88DE /* SQLite.xcodeproj */;
			proxyType = 2;
			remoteGlobalIDString = EE247ADD1C3F04ED00AE3E12;
			remoteInfo = "SQLiteTests iOS";
		};
		A7D3D2F5274504CB00BF88DE /* PBXContainerItemProxy */ = {
			isa = PBXContainerItemProxy;
			containerPortal = A7D3D2E7274504CB00BF88DE /* SQLite.xcodeproj */;
			proxyType = 2;
			remoteGlobalIDString = EE247B3C1C3F3ED000AE3E12;
			remoteInfo = "SQLite Mac";
		};
		A7D3D2F7274504CB00BF88DE /* PBXContainerItemProxy */ = {
			isa = PBXContainerItemProxy;
			containerPortal = A7D3D2E7274504CB00BF88DE /* SQLite.xcodeproj */;
			proxyType = 2;
			remoteGlobalIDString = EE247B451C3F3ED000AE3E12;
			remoteInfo = "SQLiteTests Mac";
		};
		A7D3D2F9274504CB00BF88DE /* PBXContainerItemProxy */ = {
			isa = PBXContainerItemProxy;
			containerPortal = A7D3D2E7274504CB00BF88DE /* SQLite.xcodeproj */;
			proxyType = 2;
			remoteGlobalIDString = 03A65E5A1C6BB0F50062603F;
			remoteInfo = "SQLite tvOS";
		};
		A7D3D2FB274504CB00BF88DE /* PBXContainerItemProxy */ = {
			isa = PBXContainerItemProxy;
			containerPortal = A7D3D2E7274504CB00BF88DE /* SQLite.xcodeproj */;
			proxyType = 2;
			remoteGlobalIDString = 03A65E631C6BB0F60062603F;
			remoteInfo = "SQLiteTests tvOS";
		};
		A7D3D2FD274504CB00BF88DE /* PBXContainerItemProxy */ = {
			isa = PBXContainerItemProxy;
			containerPortal = A7D3D2E7274504CB00BF88DE /* SQLite.xcodeproj */;
			proxyType = 2;
			remoteGlobalIDString = A121AC451CA35C79005A31D1;
			remoteInfo = "SQLite watchOS";
		};
/* End PBXContainerItemProxy section */

/* Begin PBXCopyFilesBuildPhase section */
		A7D3D30C274504D700BF88DE /* Embed Frameworks */ = {
			isa = PBXCopyFilesBuildPhase;
			buildActionMask = 2147483647;
			dstPath = "";
			dstSubfolderSpec = 10;
			files = (
				A7D3D30B274504D700BF88DE /* SQLite.framework in Embed Frameworks */,
			);
			name = "Embed Frameworks";
			runOnlyForDeploymentPostprocessing = 0;
		};
/* End PBXCopyFilesBuildPhase section */

/* Begin PBXFileReference section */
		A75216DD2747BD5900A3142B /* AlbumViewModel.swift */ = {isa = PBXFileReference; lastKnownFileType = sourcecode.swift; path = AlbumViewModel.swift; sourceTree = "<group>"; };
		A75216EE2747CB0C00A3142B /* Blur.swift */ = {isa = PBXFileReference; lastKnownFileType = sourcecode.swift; path = Blur.swift; sourceTree = "<group>"; };
		A7D3D2882744FBFE00BF88DE /* IOSspotifyAne.app */ = {isa = PBXFileReference; explicitFileType = wrapper.application; includeInIndex = 0; path = IOSspotifyAne.app; sourceTree = BUILT_PRODUCTS_DIR; };
		A7D3D28B2744FBFE00BF88DE /* IOSspotifyAneApp.swift */ = {isa = PBXFileReference; lastKnownFileType = sourcecode.swift; path = IOSspotifyAneApp.swift; sourceTree = "<group>"; };
		A7D3D28D2744FBFE00BF88DE /* ContentView.swift */ = {isa = PBXFileReference; lastKnownFileType = sourcecode.swift; path = ContentView.swift; sourceTree = "<group>"; };
		A7D3D28F2744FC0000BF88DE /* Assets.xcassets */ = {isa = PBXFileReference; lastKnownFileType = folder.assetcatalog; path = Assets.xcassets; sourceTree = "<group>"; };
		A7D3D2922744FC0000BF88DE /* Preview Assets.xcassets */ = {isa = PBXFileReference; lastKnownFileType = folder.assetcatalog; path = "Preview Assets.xcassets"; sourceTree = "<group>"; };
		A7D3D2942744FC0000BF88DE /* Info.plist */ = {isa = PBXFileReference; lastKnownFileType = text.plist.xml; path = Info.plist; sourceTree = "<group>"; };
		A7D3D2992744FC0000BF88DE /* IOSspotifyAneTests.xctest */ = {isa = PBXFileReference; explicitFileType = wrapper.cfbundle; includeInIndex = 0; path = IOSspotifyAneTests.xctest; sourceTree = BUILT_PRODUCTS_DIR; };
		A7D3D29D2744FC0100BF88DE /* IOSspotifyAneTests.swift */ = {isa = PBXFileReference; lastKnownFileType = sourcecode.swift; path = IOSspotifyAneTests.swift; sourceTree = "<group>"; };
		A7D3D29F2744FC0100BF88DE /* Info.plist */ = {isa = PBXFileReference; lastKnownFileType = text.plist.xml; path = Info.plist; sourceTree = "<group>"; };
		A7D3D2A42744FC0100BF88DE /* IOSspotifyAneUITests.xctest */ = {isa = PBXFileReference; explicitFileType = wrapper.cfbundle; includeInIndex = 0; path = IOSspotifyAneUITests.xctest; sourceTree = BUILT_PRODUCTS_DIR; };
		A7D3D2A82744FC0100BF88DE /* IOSspotifyAneUITests.swift */ = {isa = PBXFileReference; lastKnownFileType = sourcecode.swift; path = IOSspotifyAneUITests.swift; sourceTree = "<group>"; };
		A7D3D2AA2744FC0100BF88DE /* Info.plist */ = {isa = PBXFileReference; lastKnownFileType = text.plist.xml; path = Info.plist; sourceTree = "<group>"; };
		A7D3D2BA2744FC3000BF88DE /* LogInView.swift */ = {isa = PBXFileReference; lastKnownFileType = sourcecode.swift; path = LogInView.swift; sourceTree = "<group>"; };
		A7D3D2E7274504CB00BF88DE /* SQLite.xcodeproj */ = {isa = PBXFileReference; lastKnownFileType = "wrapper.pb-project"; name = SQLite.xcodeproj; path = "../../Downloads/SQLite.swift-master/SQLite.xcodeproj"; sourceTree = "<group>"; };
		A7D3D3162745055700BF88DE /* User.swift */ = {isa = PBXFileReference; lastKnownFileType = sourcecode.swift; path = User.swift; sourceTree = "<group>"; };
		A7D3D328274506D200BF88DE /* DB_manager.swift */ = {isa = PBXFileReference; lastKnownFileType = sourcecode.swift; path = DB_manager.swift; sourceTree = "<group>"; };
		A7D3D32F274514C200BF88DE /* UserViewModel.swift */ = {isa = PBXFileReference; lastKnownFileType = sourcecode.swift; path = UserViewModel.swift; sourceTree = "<group>"; };
		A7D3D3372745193200BF88DE /* my_users.sqlite3 */ = {isa = PBXFileReference; lastKnownFileType = text; path = my_users.sqlite3; sourceTree = "<group>"; };
		A7D3D33B2745198A00BF88DE /* LogInSigInView.swift */ = {isa = PBXFileReference; lastKnownFileType = sourcecode.swift; path = LogInSigInView.swift; sourceTree = "<group>"; };
		A7D3D33F27451BF700BF88DE /* SignInView.swift */ = {isa = PBXFileReference; lastKnownFileType = sourcecode.swift; path = SignInView.swift; sourceTree = "<group>"; };
		A7D3D3442745461A00BF88DE /* song1.mp3 */ = {isa = PBXFileReference; lastKnownFileType = audio.mp3; path = song1.mp3; sourceTree = "<group>"; };
		A7D3D34E2745464500BF88DE /* song2.mp3 */ = {isa = PBXFileReference; lastKnownFileType = audio.mp3; path = song2.mp3; sourceTree = "<group>"; };
		A7D3D3522745481900BF88DE /* PlayingView.swift */ = {isa = PBXFileReference; lastKnownFileType = sourcecode.swift; path = PlayingView.swift; sourceTree = "<group>"; };
		A7D3D3572745509400BF88DE /* Song.swift */ = {isa = PBXFileReference; lastKnownFileType = sourcecode.swift; path = Song.swift; sourceTree = "<group>"; };
		A7D3D362274550E300BF88DE /* Album.swift */ = {isa = PBXFileReference; lastKnownFileType = sourcecode.swift; path = Album.swift; sourceTree = "<group>"; };
		A7D3D366274552DA00BF88DE /* MenuView.swift */ = {isa = PBXFileReference; lastKnownFileType = sourcecode.swift; path = MenuView.swift; sourceTree = "<group>"; };
/* End PBXFileReference section */

/* Begin PBXFrameworksBuildPhase section */
		A7D3D2852744FBFE00BF88DE /* Frameworks */ = {
			isa = PBXFrameworksBuildPhase;
			buildActionMask = 2147483647;
			files = (
				A7D3D30A274504D700BF88DE /* SQLite.framework in Frameworks */,
			);
			runOnlyForDeploymentPostprocessing = 0;
		};
		A7D3D2962744FC0000BF88DE /* Frameworks */ = {
			isa = PBXFrameworksBuildPhase;
			buildActionMask = 2147483647;
			files = (
			);
			runOnlyForDeploymentPostprocessing = 0;
		};
		A7D3D2A12744FC0100BF88DE /* Frameworks */ = {
			isa = PBXFrameworksBuildPhase;
			buildActionMask = 2147483647;
			files = (
			);
			runOnlyForDeploymentPostprocessing = 0;
		};
/* End PBXFrameworksBuildPhase section */

/* Begin PBXGroup section */
		A7D3D27F2744FBFE00BF88DE = {
			isa = PBXGroup;
			children = (
				A7D3D3372745193200BF88DE /* my_users.sqlite3 */,
				A7D3D28A2744FBFE00BF88DE /* IOSspotifyAne */,
				A7D3D29C2744FC0100BF88DE /* IOSspotifyAneTests */,
				A7D3D2A72744FC0100BF88DE /* IOSspotifyAneUITests */,
				A7D3D2892744FBFE00BF88DE /* Products */,
				A7D3D2E7274504CB00BF88DE /* SQLite.xcodeproj */,
				A7D3D309274504D700BF88DE /* Frameworks */,
			);
			sourceTree = "<group>";
		};
		A7D3D2892744FBFE00BF88DE /* Products */ = {
			isa = PBXGroup;
			children = (
				A7D3D2882744FBFE00BF88DE /* IOSspotifyAne.app */,
				A7D3D2992744FC0000BF88DE /* IOSspotifyAneTests.xctest */,
				A7D3D2A42744FC0100BF88DE /* IOSspotifyAneUITests.xctest */,
			);
			name = Products;
			sourceTree = "<group>";
		};
		A7D3D28A2744FBFE00BF88DE /* IOSspotifyAne */ = {
			isa = PBXGroup;
			children = (
				A7D3D343274545D200BF88DE /* Audio */,
				A7D3D32E2745148D00BF88DE /* ViewModel */,
				A7D3D30F2745051600BF88DE /* Models */,
				A7D3D2B92744FC1000BF88DE /* Views */,
				A7D3D28B2744FBFE00BF88DE /* IOSspotifyAneApp.swift */,
				A7D3D28F2744FC0000BF88DE /* Assets.xcassets */,
				A7D3D2942744FC0000BF88DE /* Info.plist */,
				A7D3D2912744FC0000BF88DE /* Preview Content */,
				A7D3D328274506D200BF88DE /* DB_manager.swift */,
				A75216EE2747CB0C00A3142B /* Blur.swift */,
			);
			path = IOSspotifyAne;
			sourceTree = "<group>";
		};
		A7D3D2912744FC0000BF88DE /* Preview Content */ = {
			isa = PBXGroup;
			children = (
				A7D3D2922744FC0000BF88DE /* Preview Assets.xcassets */,
			);
			path = "Preview Content";
			sourceTree = "<group>";
		};
		A7D3D29C2744FC0100BF88DE /* IOSspotifyAneTests */ = {
			isa = PBXGroup;
			children = (
				A7D3D29D2744FC0100BF88DE /* IOSspotifyAneTests.swift */,
				A7D3D29F2744FC0100BF88DE /* Info.plist */,
			);
			path = IOSspotifyAneTests;
			sourceTree = "<group>";
		};
		A7D3D2A72744FC0100BF88DE /* IOSspotifyAneUITests */ = {
			isa = PBXGroup;
			children = (
				A7D3D2A82744FC0100BF88DE /* IOSspotifyAneUITests.swift */,
				A7D3D2AA2744FC0100BF88DE /* Info.plist */,
			);
			path = IOSspotifyAneUITests;
			sourceTree = "<group>";
		};
		A7D3D2B92744FC1000BF88DE /* Views */ = {
			isa = PBXGroup;
			children = (
				A7D3D28D2744FBFE00BF88DE /* ContentView.swift */,
				A7D3D2BA2744FC3000BF88DE /* LogInView.swift */,
				A7D3D33B2745198A00BF88DE /* LogInSigInView.swift */,
				A7D3D33F27451BF700BF88DE /* SignInView.swift */,
				A7D3D3522745481900BF88DE /* PlayingView.swift */,
				A7D3D366274552DA00BF88DE /* MenuView.swift */,
			);
			path = Views;
			sourceTree = "<group>";
		};
		A7D3D2E8274504CB00BF88DE /* Products */ = {
			isa = PBXGroup;
			children = (
				A7D3D2F2274504CB00BF88DE /* SQLite.framework */,
				A7D3D2F4274504CB00BF88DE /* SQLiteTests iOS.xctest */,
				A7D3D2F6274504CB00BF88DE /* SQLite.framework */,
				A7D3D2F8274504CB00BF88DE /* SQLiteTests Mac.xctest */,
				A7D3D2FA274504CB00BF88DE /* SQLite.framework */,
				A7D3D2FC274504CB00BF88DE /* SQLiteTests tvOS.xctest */,
				A7D3D2FE274504CB00BF88DE /* SQLite.framework */,
			);
			name = Products;
			sourceTree = "<group>";
		};
		A7D3D309274504D700BF88DE /* Frameworks */ = {
			isa = PBXGroup;
			children = (
			);
			name = Frameworks;
			sourceTree = "<group>";
		};
		A7D3D30F2745051600BF88DE /* Models */ = {
			isa = PBXGroup;
			children = (
				A7D3D3162745055700BF88DE /* User.swift */,
				A7D3D3572745509400BF88DE /* Song.swift */,
				A7D3D362274550E300BF88DE /* Album.swift */,
			);
			path = Models;
			sourceTree = "<group>";
		};
		A7D3D32E2745148D00BF88DE /* ViewModel */ = {
			isa = PBXGroup;
			children = (
				A7D3D32F274514C200BF88DE /* UserViewModel.swift */,
				A75216DD2747BD5900A3142B /* AlbumViewModel.swift */,
			);
			path = ViewModel;
			sourceTree = "<group>";
		};
		A7D3D343274545D200BF88DE /* Audio */ = {
			isa = PBXGroup;
			children = (
				A7D3D34E2745464500BF88DE /* song2.mp3 */,
				A7D3D3442745461A00BF88DE /* song1.mp3 */,
			);
			path = Audio;
			sourceTree = "<group>";
		};
/* End PBXGroup section */

/* Begin PBXNativeTarget section */
		A7D3D2872744FBFE00BF88DE /* IOSspotifyAne */ = {
			isa = PBXNativeTarget;
			buildConfigurationList = A7D3D2AD2744FC0100BF88DE /* Build configuration list for PBXNativeTarget "IOSspotifyAne" */;
			buildPhases = (
				A7D3D2842744FBFE00BF88DE /* Sources */,
				A7D3D2852744FBFE00BF88DE /* Frameworks */,
				A7D3D2862744FBFE00BF88DE /* Resources */,
				A7D3D30C274504D700BF88DE /* Embed Frameworks */,
			);
			buildRules = (
			);
			dependencies = (
			);
			name = IOSspotifyAne;
			productName = IOSspotifyAne;
			productReference = A7D3D2882744FBFE00BF88DE /* IOSspotifyAne.app */;
			productType = "com.apple.product-type.application";
		};
		A7D3D2982744FC0000BF88DE /* IOSspotifyAneTests */ = {
			isa = PBXNativeTarget;
			buildConfigurationList = A7D3D2B02744FC0100BF88DE /* Build configuration list for PBXNativeTarget "IOSspotifyAneTests" */;
			buildPhases = (
				A7D3D2952744FC0000BF88DE /* Sources */,
				A7D3D2962744FC0000BF88DE /* Frameworks */,
				A7D3D2972744FC0000BF88DE /* Resources */,
			);
			buildRules = (
			);
			dependencies = (
				A7D3D29B2744FC0000BF88DE /* PBXTargetDependency */,
			);
			name = IOSspotifyAneTests;
			productName = IOSspotifyAneTests;
			productReference = A7D3D2992744FC0000BF88DE /* IOSspotifyAneTests.xctest */;
			productType = "com.apple.product-type.bundle.unit-test";
		};
		A7D3D2A32744FC0100BF88DE /* IOSspotifyAneUITests */ = {
			isa = PBXNativeTarget;
			buildConfigurationList = A7D3D2B32744FC0100BF88DE /* Build configuration list for PBXNativeTarget "IOSspotifyAneUITests" */;
			buildPhases = (
				A7D3D2A02744FC0100BF88DE /* Sources */,
				A7D3D2A12744FC0100BF88DE /* Frameworks */,
				A7D3D2A22744FC0100BF88DE /* Resources */,
			);
			buildRules = (
			);
			dependencies = (
				A7D3D2A62744FC0100BF88DE /* PBXTargetDependency */,
			);
			name = IOSspotifyAneUITests;
			productName = IOSspotifyAneUITests;
			productReference = A7D3D2A42744FC0100BF88DE /* IOSspotifyAneUITests.xctest */;
			productType = "com.apple.product-type.bundle.ui-testing";
		};
/* End PBXNativeTarget section */

/* Begin PBXProject section */
		A7D3D2802744FBFE00BF88DE /* Project object */ = {
			isa = PBXProject;
			attributes = {
				LastSwiftUpdateCheck = 1240;
				LastUpgradeCheck = 1240;
				TargetAttributes = {
					A7D3D2872744FBFE00BF88DE = {
						CreatedOnToolsVersion = 12.4;
					};
					A7D3D2982744FC0000BF88DE = {
						CreatedOnToolsVersion = 12.4;
						TestTargetID = A7D3D2872744FBFE00BF88DE;
					};
					A7D3D2A32744FC0100BF88DE = {
						CreatedOnToolsVersion = 12.4;
						TestTargetID = A7D3D2872744FBFE00BF88DE;
					};
				};
			};
			buildConfigurationList = A7D3D2832744FBFE00BF88DE /* Build configuration list for PBXProject "IOSspotifyAne" */;
			compatibilityVersion = "Xcode 9.3";
			developmentRegion = en;
			hasScannedForEncodings = 0;
			knownRegions = (
				en,
				Base,
			);
			mainGroup = A7D3D27F2744FBFE00BF88DE;
			productRefGroup = A7D3D2892744FBFE00BF88DE /* Products */;
			projectDirPath = "";
			projectReferences = (
				{
					ProductGroup = A7D3D2E8274504CB00BF88DE /* Products */;
					ProjectRef = A7D3D2E7274504CB00BF88DE /* SQLite.xcodeproj */;
				},
			);
			projectRoot = "";
			targets = (
				A7D3D2872744FBFE00BF88DE /* IOSspotifyAne */,
				A7D3D2982744FC0000BF88DE /* IOSspotifyAneTests */,
				A7D3D2A32744FC0100BF88DE /* IOSspotifyAneUITests */,
			);
		};
/* End PBXProject section */

/* Begin PBXReferenceProxy section */
		A7D3D2F2274504CB00BF88DE /* SQLite.framework */ = {
			isa = PBXReferenceProxy;
			fileType = wrapper.framework;
			path = SQLite.framework;
			remoteRef = A7D3D2F1274504CB00BF88DE /* PBXContainerItemProxy */;
			sourceTree = BUILT_PRODUCTS_DIR;
		};
		A7D3D2F4274504CB00BF88DE /* SQLiteTests iOS.xctest */ = {
			isa = PBXReferenceProxy;
			fileType = wrapper.cfbundle;
			path = "SQLiteTests iOS.xctest";
			remoteRef = A7D3D2F3274504CB00BF88DE /* PBXContainerItemProxy */;
			sourceTree = BUILT_PRODUCTS_DIR;
		};
		A7D3D2F6274504CB00BF88DE /* SQLite.framework */ = {
			isa = PBXReferenceProxy;
			fileType = wrapper.framework;
			path = SQLite.framework;
			remoteRef = A7D3D2F5274504CB00BF88DE /* PBXContainerItemProxy */;
			sourceTree = BUILT_PRODUCTS_DIR;
		};
		A7D3D2F8274504CB00BF88DE /* SQLiteTests Mac.xctest */ = {
			isa = PBXReferenceProxy;
			fileType = wrapper.cfbundle;
			path = "SQLiteTests Mac.xctest";
			remoteRef = A7D3D2F7274504CB00BF88DE /* PBXContainerItemProxy */;
			sourceTree = BUILT_PRODUCTS_DIR;
		};
		A7D3D2FA274504CB00BF88DE /* SQLite.framework */ = {
			isa = PBXReferenceProxy;
			fileType = wrapper.framework;
			path = SQLite.framework;
			remoteRef = A7D3D2F9274504CB00BF88DE /* PBXContainerItemProxy */;
			sourceTree = BUILT_PRODUCTS_DIR;
		};
		A7D3D2FC274504CB00BF88DE /* SQLiteTests tvOS.xctest */ = {
			isa = PBXReferenceProxy;
			fileType = wrapper.cfbundle;
			path = "SQLiteTests tvOS.xctest";
			remoteRef = A7D3D2FB274504CB00BF88DE /* PBXContainerItemProxy */;
			sourceTree = BUILT_PRODUCTS_DIR;
		};
		A7D3D2FE274504CB00BF88DE /* SQLite.framework */ = {
			isa = PBXReferenceProxy;
			fileType = wrapper.framework;
			path = SQLite.framework;
			remoteRef = A7D3D2FD274504CB00BF88DE /* PBXContainerItemProxy */;
			sourceTree = BUILT_PRODUCTS_DIR;
		};
/* End PBXReferenceProxy section */

/* Begin PBXResourcesBuildPhase section */
		A7D3D2862744FBFE00BF88DE /* Resources */ = {
			isa = PBXResourcesBuildPhase;
			buildActionMask = 2147483647;
			files = (
				A7D3D3382745193200BF88DE /* my_users.sqlite3 in Resources */,
				A7D3D2932744FC0000BF88DE /* Preview Assets.xcassets in Resources */,
				A7D3D2902744FC0000BF88DE /* Assets.xcassets in Resources */,
				A7D3D3452745461A00BF88DE /* song1.mp3 in Resources */,
				A7D3D34F2745464500BF88DE /* song2.mp3 in Resources */,
			);
			runOnlyForDeploymentPostprocessing = 0;
		};
		A7D3D2972744FC0000BF88DE /* Resources */ = {
			isa = PBXResourcesBuildPhase;
			buildActionMask = 2147483647;
			files = (
			);
			runOnlyForDeploymentPostprocessing = 0;
		};
		A7D3D2A22744FC0100BF88DE /* Resources */ = {
			isa = PBXResourcesBuildPhase;
			buildActionMask = 2147483647;
			files = (
			);
			runOnlyForDeploymentPostprocessing = 0;
		};
/* End PBXResourcesBuildPhase section */

/* Begin PBXSourcesBuildPhase section */
		A7D3D2842744FBFE00BF88DE /* Sources */ = {
			isa = PBXSourcesBuildPhase;
			buildActionMask = 2147483647;
			files = (
				A7D3D33C2745198A00BF88DE /* LogInSigInView.swift in Sources */,
				A7D3D367274552DA00BF88DE /* MenuView.swift in Sources */,
				A7D3D329274506D200BF88DE /* DB_manager.swift in Sources */,
				A7D3D3172745055700BF88DE /* User.swift in Sources */,
				A75216EF2747CB0C00A3142B /* Blur.swift in Sources */,
				A7D3D2BB2744FC3000BF88DE /* LogInView.swift in Sources */,
				A7D3D3582745509400BF88DE /* Song.swift in Sources */,
				A7D3D28E2744FBFE00BF88DE /* ContentView.swift in Sources */,
				A7D3D330274514C200BF88DE /* UserViewModel.swift in Sources */,
				A75216DE2747BD5900A3142B /* AlbumViewModel.swift in Sources */,
				A7D3D3532745481900BF88DE /* PlayingView.swift in Sources */,
				A7D3D363274550E300BF88DE /* Album.swift in Sources */,
				A7D3D34027451BF700BF88DE /* SignInView.swift in Sources */,
				A7D3D28C2744FBFE00BF88DE /* IOSspotifyAneApp.swift in Sources */,
			);
			runOnlyForDeploymentPostprocessing = 0;
		};
		A7D3D2952744FC0000BF88DE /* Sources */ = {
			isa = PBXSourcesBuildPhase;
			buildActionMask = 2147483647;
			files = (
				A7D3D29E2744FC0100BF88DE /* IOSspotifyAneTests.swift in Sources */,
			);
			runOnlyForDeploymentPostprocessing = 0;
		};
		A7D3D2A02744FC0100BF88DE /* Sources */ = {
			isa = PBXSourcesBuildPhase;
			buildActionMask = 2147483647;
			files = (
				A7D3D2A92744FC0100BF88DE /* IOSspotifyAneUITests.swift in Sources */,
			);
			runOnlyForDeploymentPostprocessing = 0;
		};
/* End PBXSourcesBuildPhase section */

/* Begin PBXTargetDependency section */
		A7D3D29B2744FC0000BF88DE /* PBXTargetDependency */ = {
			isa = PBXTargetDependency;
			target = A7D3D2872744FBFE00BF88DE /* IOSspotifyAne */;
			targetProxy = A7D3D29A2744FC0000BF88DE /* PBXContainerItemProxy */;
		};
		A7D3D2A62744FC0100BF88DE /* PBXTargetDependency */ = {
			isa = PBXTargetDependency;
			target = A7D3D2872744FBFE00BF88DE /* IOSspotifyAne */;
			targetProxy = A7D3D2A52744FC0100BF88DE /* PBXContainerItemProxy */;
		};
/* End PBXTargetDependency section */

/* Begin XCBuildConfiguration section */
		A7D3D2AB2744FC0100BF88DE /* Debug */ = {
			isa = XCBuildConfiguration;
			buildSettings = {
				ALWAYS_SEARCH_USER_PATHS = NO;
				CLANG_ANALYZER_NONNULL = YES;
				CLANG_ANALYZER_NUMBER_OBJECT_CONVERSION = YES_AGGRESSIVE;
				CLANG_CXX_LANGUAGE_STANDARD = "gnu++14";
				CLANG_CXX_LIBRARY = "libc++";
				CLANG_ENABLE_MODULES = YES;
				CLANG_ENABLE_OBJC_ARC = YES;
				CLANG_ENABLE_OBJC_WEAK = YES;
				CLANG_WARN_BLOCK_CAPTURE_AUTORELEASING = YES;
				CLANG_WARN_BOOL_CONVERSION = YES;
				CLANG_WARN_COMMA = YES;
				CLANG_WARN_CONSTANT_CONVERSION = YES;
				CLANG_WARN_DEPRECATED_OBJC_IMPLEMENTATIONS = YES;
				CLANG_WARN_DIRECT_OBJC_ISA_USAGE = YES_ERROR;
				CLANG_WARN_DOCUMENTATION_COMMENTS = YES;
				CLANG_WARN_EMPTY_BODY = YES;
				CLANG_WARN_ENUM_CONVERSION = YES;
				CLANG_WARN_INFINITE_RECURSION = YES;
				CLANG_WARN_INT_CONVERSION = YES;
				CLANG_WARN_NON_LITERAL_NULL_CONVERSION = YES;
				CLANG_WARN_OBJC_IMPLICIT_RETAIN_SELF = YES;
				CLANG_WARN_OBJC_LITERAL_CONVERSION = YES;
				CLANG_WARN_OBJC_ROOT_CLASS = YES_ERROR;
				CLANG_WARN_QUOTED_INCLUDE_IN_FRAMEWORK_HEADER = YES;
				CLANG_WARN_RANGE_LOOP_ANALYSIS = YES;
				CLANG_WARN_STRICT_PROTOTYPES = YES;
				CLANG_WARN_SUSPICIOUS_MOVE = YES;
				CLANG_WARN_UNGUARDED_AVAILABILITY = YES_AGGRESSIVE;
				CLANG_WARN_UNREACHABLE_CODE = YES;
				CLANG_WARN__DUPLICATE_METHOD_MATCH = YES;
				COPY_PHASE_STRIP = NO;
				DEBUG_INFORMATION_FORMAT = dwarf;
				ENABLE_STRICT_OBJC_MSGSEND = YES;
				ENABLE_TESTABILITY = YES;
				GCC_C_LANGUAGE_STANDARD = gnu11;
				GCC_DYNAMIC_NO_PIC = NO;
				GCC_NO_COMMON_BLOCKS = YES;
				GCC_OPTIMIZATION_LEVEL = 0;
				GCC_PREPROCESSOR_DEFINITIONS = (
					"DEBUG=1",
					"$(inherited)",
				);
				GCC_WARN_64_TO_32_BIT_CONVERSION = YES;
				GCC_WARN_ABOUT_RETURN_TYPE = YES_ERROR;
				GCC_WARN_UNDECLARED_SELECTOR = YES;
				GCC_WARN_UNINITIALIZED_AUTOS = YES_AGGRESSIVE;
				GCC_WARN_UNUSED_FUNCTION = YES;
				GCC_WARN_UNUSED_VARIABLE = YES;
				IPHONEOS_DEPLOYMENT_TARGET = 14.4;
				MTL_ENABLE_DEBUG_INFO = INCLUDE_SOURCE;
				MTL_FAST_MATH = YES;
				ONLY_ACTIVE_ARCH = YES;
				SDKROOT = iphoneos;
				SWIFT_ACTIVE_COMPILATION_CONDITIONS = DEBUG;
				SWIFT_OPTIMIZATION_LEVEL = "-Onone";
			};
			name = Debug;
		};
		A7D3D2AC2744FC0100BF88DE /* Release */ = {
			isa = XCBuildConfiguration;
			buildSettings = {
				ALWAYS_SEARCH_USER_PATHS = NO;
				CLANG_ANALYZER_NONNULL = YES;
				CLANG_ANALYZER_NUMBER_OBJECT_CONVERSION = YES_AGGRESSIVE;
				CLANG_CXX_LANGUAGE_STANDARD = "gnu++14";
				CLANG_CXX_LIBRARY = "libc++";
				CLANG_ENABLE_MODULES = YES;
				CLANG_ENABLE_OBJC_ARC = YES;
				CLANG_ENABLE_OBJC_WEAK = YES;
				CLANG_WARN_BLOCK_CAPTURE_AUTORELEASING = YES;
				CLANG_WARN_BOOL_CONVERSION = YES;
				CLANG_WARN_COMMA = YES;
				CLANG_WARN_CONSTANT_CONVERSION = YES;
				CLANG_WARN_DEPRECATED_OBJC_IMPLEMENTATIONS = YES;
				CLANG_WARN_DIRECT_OBJC_ISA_USAGE = YES_ERROR;
				CLANG_WARN_DOCUMENTATION_COMMENTS = YES;
				CLANG_WARN_EMPTY_BODY = YES;
				CLANG_WARN_ENUM_CONVERSION = YES;
				CLANG_WARN_INFINITE_RECURSION = YES;
				CLANG_WARN_INT_CONVERSION = YES;
				CLANG_WARN_NON_LITERAL_NULL_CONVERSION = YES;
				CLANG_WARN_OBJC_IMPLICIT_RETAIN_SELF = YES;
				CLANG_WARN_OBJC_LITERAL_CONVERSION = YES;
				CLANG_WARN_OBJC_ROOT_CLASS = YES_ERROR;
				CLANG_WARN_QUOTED_INCLUDE_IN_FRAMEWORK_HEADER = YES;
				CLANG_WARN_RANGE_LOOP_ANALYSIS = YES;
				CLANG_WARN_STRICT_PROTOTYPES = YES;
				CLANG_WARN_SUSPICIOUS_MOVE = YES;
				CLANG_WARN_UNGUARDED_AVAILABILITY = YES_AGGRESSIVE;
				CLANG_WARN_UNREACHABLE_CODE = YES;
				CLANG_WARN__DUPLICATE_METHOD_MATCH = YES;
				COPY_PHASE_STRIP = NO;
				DEBUG_INFORMATION_FORMAT = "dwarf-with-dsym";
				ENABLE_NS_ASSERTIONS = NO;
				ENABLE_STRICT_OBJC_MSGSEND = YES;
				GCC_C_LANGUAGE_STANDARD = gnu11;
				GCC_NO_COMMON_BLOCKS = YES;
				GCC_WARN_64_TO_32_BIT_CONVERSION = YES;
				GCC_WARN_ABOUT_RETURN_TYPE = YES_ERROR;
				GCC_WARN_UNDECLARED_SELECTOR = YES;
				GCC_WARN_UNINITIALIZED_AUTOS = YES_AGGRESSIVE;
				GCC_WARN_UNUSED_FUNCTION = YES;
				GCC_WARN_UNUSED_VARIABLE = YES;
				IPHONEOS_DEPLOYMENT_TARGET = 14.4;
				MTL_ENABLE_DEBUG_INFO = NO;
				MTL_FAST_MATH = YES;
				SDKROOT = iphoneos;
				SWIFT_COMPILATION_MODE = wholemodule;
				SWIFT_OPTIMIZATION_LEVEL = "-O";
				VALIDATE_PRODUCT = YES;
			};
			name = Release;
		};
		A7D3D2AE2744FC0100BF88DE /* Debug */ = {
			isa = XCBuildConfiguration;
			buildSettings = {
				ASSETCATALOG_COMPILER_APPICON_NAME = AppIcon;
				ASSETCATALOG_COMPILER_GLOBAL_ACCENT_COLOR_NAME = AccentColor;
				CODE_SIGN_STYLE = Automatic;
				DEVELOPMENT_ASSET_PATHS = "\"IOSspotifyAne/Preview Content\"";
				ENABLE_PREVIEWS = YES;
				INFOPLIST_FILE = IOSspotifyAne/Info.plist;
				IPHONEOS_DEPLOYMENT_TARGET = 14.0;
				LD_RUNPATH_SEARCH_PATHS = (
					"$(inherited)",
					"@executable_path/Frameworks",
				);
				PRODUCT_BUNDLE_IDENTIFIER = ane.IOSspotifyAne;
				PRODUCT_NAME = "$(TARGET_NAME)";
				SWIFT_VERSION = 5.0;
				TARGETED_DEVICE_FAMILY = "1,2";
			};
			name = Debug;
		};
		A7D3D2AF2744FC0100BF88DE /* Release */ = {
			isa = XCBuildConfiguration;
			buildSettings = {
				ASSETCATALOG_COMPILER_APPICON_NAME = AppIcon;
				ASSETCATALOG_COMPILER_GLOBAL_ACCENT_COLOR_NAME = AccentColor;
				CODE_SIGN_STYLE = Automatic;
				DEVELOPMENT_ASSET_PATHS = "\"IOSspotifyAne/Preview Content\"";
				ENABLE_PREVIEWS = YES;
				INFOPLIST_FILE = IOSspotifyAne/Info.plist;
				IPHONEOS_DEPLOYMENT_TARGET = 14.0;
				LD_RUNPATH_SEARCH_PATHS = (
					"$(inherited)",
					"@executable_path/Frameworks",
				);
				PRODUCT_BUNDLE_IDENTIFIER = ane.IOSspotifyAne;
				PRODUCT_NAME = "$(TARGET_NAME)";
				SWIFT_VERSION = 5.0;
				TARGETED_DEVICE_FAMILY = "1,2";
			};
			name = Release;
		};
		A7D3D2B12744FC0100BF88DE /* Debug */ = {
			isa = XCBuildConfiguration;
			buildSettings = {
				ALWAYS_EMBED_SWIFT_STANDARD_LIBRARIES = YES;
				BUNDLE_LOADER = "$(TEST_HOST)";
				CODE_SIGN_STYLE = Automatic;
				INFOPLIST_FILE = IOSspotifyAneTests/Info.plist;
				IPHONEOS_DEPLOYMENT_TARGET = 14.0;
				LD_RUNPATH_SEARCH_PATHS = (
					"$(inherited)",
					"@executable_path/Frameworks",
					"@loader_path/Frameworks",
				);
				PRODUCT_BUNDLE_IDENTIFIER = ane.IOSspotifyAneTests;
				PRODUCT_NAME = "$(TARGET_NAME)";
				SWIFT_VERSION = 5.0;
				TARGETED_DEVICE_FAMILY = "1,2";
				TEST_HOST = "$(BUILT_PRODUCTS_DIR)/IOSspotifyAne.app/IOSspotifyAne";
			};
			name = Debug;
		};
		A7D3D2B22744FC0100BF88DE /* Release */ = {
			isa = XCBuildConfiguration;
			buildSettings = {
				ALWAYS_EMBED_SWIFT_STANDARD_LIBRARIES = YES;
				BUNDLE_LOADER = "$(TEST_HOST)";
				CODE_SIGN_STYLE = Automatic;
				INFOPLIST_FILE = IOSspotifyAneTests/Info.plist;
				IPHONEOS_DEPLOYMENT_TARGET = 14.0;
				LD_RUNPATH_SEARCH_PATHS = (
					"$(inherited)",
					"@executable_path/Frameworks",
					"@loader_path/Frameworks",
				);
				PRODUCT_BUNDLE_IDENTIFIER = ane.IOSspotifyAneTests;
				PRODUCT_NAME = "$(TARGET_NAME)";
				SWIFT_VERSION = 5.0;
				TARGETED_DEVICE_FAMILY = "1,2";
				TEST_HOST = "$(BUILT_PRODUCTS_DIR)/IOSspotifyAne.app/IOSspotifyAne";
			};
			name = Release;
		};
		A7D3D2B42744FC0100BF88DE /* Debug */ = {
			isa = XCBuildConfiguration;
			buildSettings = {
				ALWAYS_EMBED_SWIFT_STANDARD_LIBRARIES = YES;
				CODE_SIGN_STYLE = Automatic;
				INFOPLIST_FILE = IOSspotifyAneUITests/Info.plist;
				LD_RUNPATH_SEARCH_PATHS = (
					"$(inherited)",
					"@executable_path/Frameworks",
					"@loader_path/Frameworks",
				);
				PRODUCT_BUNDLE_IDENTIFIER = ane.IOSspotifyAneUITests;
				PRODUCT_NAME = "$(TARGET_NAME)";
				SWIFT_VERSION = 5.0;
				TARGETED_DEVICE_FAMILY = "1,2";
				TEST_TARGET_NAME = IOSspotifyAne;
			};
			name = Debug;
		};
		A7D3D2B52744FC0100BF88DE /* Release */ = {
			isa = XCBuildConfiguration;
			buildSettings = {
				ALWAYS_EMBED_SWIFT_STANDARD_LIBRARIES = YES;
				CODE_SIGN_STYLE = Automatic;
				INFOPLIST_FILE = IOSspotifyAneUITests/Info.plist;
				LD_RUNPATH_SEARCH_PATHS = (
					"$(inherited)",
					"@executable_path/Frameworks",
					"@loader_path/Frameworks",
				);
				PRODUCT_BUNDLE_IDENTIFIER = ane.IOSspotifyAneUITests;
				PRODUCT_NAME = "$(TARGET_NAME)";
				SWIFT_VERSION = 5.0;
				TARGETED_DEVICE_FAMILY = "1,2";
				TEST_TARGET_NAME = IOSspotifyAne;
			};
			name = Release;
		};
/* End XCBuildConfiguration section */

/* Begin XCConfigurationList section */
		A7D3D2832744FBFE00BF88DE /* Build configuration list for PBXProject "IOSspotifyAne" */ = {
			isa = XCConfigurationList;
			buildConfigurations = (
				A7D3D2AB2744FC0100BF88DE /* Debug */,
				A7D3D2AC2744FC0100BF88DE /* Release */,
			);
			defaultConfigurationIsVisible = 0;
			defaultConfigurationName = Release;
		};
		A7D3D2AD2744FC0100BF88DE /* Build configuration list for PBXNativeTarget "IOSspotifyAne" */ = {
			isa = XCConfigurationList;
			buildConfigurations = (
				A7D3D2AE2744FC0100BF88DE /* Debug */,
				A7D3D2AF2744FC0100BF88DE /* Release */,
			);
			defaultConfigurationIsVisible = 0;
			defaultConfigurationName = Release;
		};
		A7D3D2B02744FC0100BF88DE /* Build configuration list for PBXNativeTarget "IOSspotifyAneTests" */ = {
			isa = XCConfigurationList;
			buildConfigurations = (
				A7D3D2B12744FC0100BF88DE /* Debug */,
				A7D3D2B22744FC0100BF88DE /* Release */,
			);
			defaultConfigurationIsVisible = 0;
			defaultConfigurationName = Release;
		};
		A7D3D2B32744FC0100BF88DE /* Build configuration list for PBXNativeTarget "IOSspotifyAneUITests" */ = {
			isa = XCConfigurationList;
			buildConfigurations = (
				A7D3D2B42744FC0100BF88DE /* Debug */,
				A7D3D2B52744FC0100BF88DE /* Release */,
			);
			defaultConfigurationIsVisible = 0;
			defaultConfigurationName = Release;
		};
/* End XCConfigurationList section */
	};
	rootObject = A7D3D2802744FBFE00BF88DE /* Project object */;
}
